github.com/phelmkamp/immut v0.0.0-20221019023600-fe7a19e8b1f9 h1:FCJZ1GMPUzBUl0CnFpei9Jv2uQH8M4R8HrNB69KQFQM=
github.com/phelmkamp/immut v0.0.0-20221019023600-fe7a19e8b1f9/go.mod h1:f5vvRHcm+usu2D5fgQllnXPAG5TH1xAR8RQ2tVUYDzk=
golang.org/x/exp v0.0.0-20221018221608-02f3b879a704 h1:qeTd8Mtg7Z9G839eB0/DhF2vU3ZeXcP6vwAY/IqVRPM=
golang.org/x/exp v0.0.0-20221018221608-02f3b879a704/go.mod h1:cyybsKvd6eL0RnXn6p/Grxp8F5bW7iYuBgsNCOHpMYE=
