github.com/phelmkamp/immut v0.0.0-20220404034618-0ca7ef7a3fa4 h1:taSUDATYdgiSQplOaiH8iHJCkArpHqeajng0yN/Hpe0=
github.com/phelmkamp/immut v0.0.0-20220404034618-0ca7ef7a3fa4/go.mod h1:4Yp9+VrDtD8uWJKK2aegDH7dfYGOzv6e+QvaQogMyWo=
golang.org/x/exp v0.0.0-20220328175248-053ad81199eb h1:pC9Okm6BVmxEw76PUu0XUbOTQ92JX11hfvqTjAV3qxM=
golang.org/x/exp v0.0.0-20220328175248-053ad81199eb/go.mod h1:lgLbSvA5ygNOMpwM/9anMpWVlVJ7Z+cHWq/eFuinpGE=
